{
  "requires": true,
  "lockfileVersion": 1,
  "dependencies": {
    "mini-ali-ui": {
      "version": "1.0.9",
      "resolved": "https://registry.npmjs.org/mini-ali-ui/-/mini-ali-ui-1.0.9.tgz",
      "integrity": "sha512-XWIsue1EYuRejVTDJQgXCvVOqBq8YiYXKUOcq40lIOgldijd7OuI8K583X7GBRo0aK3qfQ9Zn9H+B6Dx18s7Zw=="
    },
    "moment": {
      "version": "2.26.0",
      "resolved": "https://registry.npmjs.org/moment/-/moment-2.26.0.tgz",
      "integrity": "sha512-oIixUO+OamkUkwjhAVE18rAMfRJNsNe/Stid/gwHSOfHrOtw9EhAY2AHvdKZ/k/MggcYELFCJz/Sn2pL8b8JMw=="
    }
  }
}
